
Microsoft Visual Studio Solution File, Format Version 12.00
# Visual Studio Version 16
VisualStudioVersion = 16.0.30128.74
MinimumVisualStudioVersion = 10.0.40219.1
Project("{FAE04EC0-301F-11D3-BF4B-00C04F79EFBC}") = "Dy.Core", "Dy.Core\Dy.Core.csproj", "{D2B51424-7D62-42D4-A39B-D1F96B9E17DA}"
EndProject
Project("{FAE04EC0-301F-11D3-BF4B-00C04F79EFBC}") = "Dy.Northwind.DataAccess", "Dy.Northwind.DataAccess\Dy.Northwind.DataAccess.csproj", "{D358CA87-E9B2-43E1-A231-FAB5F6B5ADF7}"
EndProject
Project("{FAE04EC0-301F-11D3-BF4B-00C04F79EFBC}") = "Dy.Northwind.Entities", "Dy.Northwind.Entities\Dy.Northwind.Entities.csproj", "{BB688014-4391-4B97-9EE9-0A43E34D6AAA}"
EndProject
Project("{FAE04EC0-301F-11D3-BF4B-00C04F79EFBC}") = "Dy.Northwind.Business", "Dy.Northwind.Business\Dy.Northwind.Business.csproj", "{CD4EB440-A891-454A-A0C0-51C2F71F35C1}"
EndProject
Project("{FAE04EC0-301F-11D3-BF4B-00C04F79EFBC}") = "Dy.Northwind.MVCWebUI", "Dy.Northwind.MVCWebUI\Dy.Northwind.MVCWebUI.csproj", "{8B27F217-6609-435D-88FC-BC186225DFEF}"
EndProject
Project("{FAE04EC0-301F-11D3-BF4B-00C04F79EFBC}") = "Dy.Northwind.MVCWebUI.Tests", "Dy.Northwind.MVCWebUI.Tests\Dy.Northwind.MVCWebUI.Tests.csproj", "{1DC91AB0-7804-4503-8B02-D29592004D5D}"
EndProject
Project("{FAE04EC0-301F-11D3-BF4B-00C04F79EFBC}") = "Dy.DataAccess.Tests", "Dy.DataAccess.Tests\Dy.DataAccess.Tests.csproj", "{448B197C-6044-4A3A-BD3E-FEF3D17DD4CE}"
EndProject
Project("{FAE04EC0-301F-11D3-BF4B-00C04F79EFBC}") = "Dy.Northwind.Bussiness.Tests", "Dy.Northwind.Bussiness.Tests\Dy.Northwind.Bussiness.Tests.csproj", "{D71E5F83-A580-45FA-95B1-8E9B79267F3E}"
EndProject
Project("{FAE04EC0-301F-11D3-BF4B-00C04F79EFBC}") = "Dy.Northwind.WebApi", "Dy.Northwind.WebApi\Dy.Northwind.WebApi.csproj", "{1A4A8292-6DF4-4D2A-B06B-E603A984DBCA}"
EndProject
Project("{E24C65DC-7377-472B-9ABA-BC803B73C61A}") = "Dy.Northwind.WcfService", "Dy.Northwind.WcfService\", "{079F7D4D-E188-427D-A184-8BDBFB2FE0DA}"
	ProjectSection(WebsiteProperties) = preProject
		TargetFrameworkMoniker = ".NETFramework,Version%3Dv4.7.2"
		Debug.AspNetCompiler.VirtualPath = "/localhost_8447"
		Debug.AspNetCompiler.PhysicalPath = "Dy.Northwind.WcfService\"
		Debug.AspNetCompiler.TargetPath = "PrecompiledWeb\localhost_8447\"
		Debug.AspNetCompiler.Updateable = "true"
		Debug.AspNetCompiler.ForceOverwrite = "true"
		Debug.AspNetCompiler.FixedNames = "false"
		Debug.AspNetCompiler.Debug = "True"
		Release.AspNetCompiler.VirtualPath = "/localhost_8447"
		Release.AspNetCompiler.PhysicalPath = "Dy.Northwind.WcfService\"
		Release.AspNetCompiler.TargetPath = "PrecompiledWeb\localhost_8447\"
		Release.AspNetCompiler.Updateable = "true"
		Release.AspNetCompiler.ForceOverwrite = "true"
		Release.AspNetCompiler.FixedNames = "false"
		Release.AspNetCompiler.Debug = "False"
		VWDPort = "8447"
		DefaultWebSiteLanguage = "Visual C#"
	EndProjectSection
EndProject
Global
	GlobalSection(SolutionConfigurationPlatforms) = preSolution
		Debug|Any CPU = Debug|Any CPU
		Release|Any CPU = Release|Any CPU
	EndGlobalSection
	GlobalSection(ProjectConfigurationPlatforms) = postSolution
		{D2B51424-7D62-42D4-A39B-D1F96B9E17DA}.Debug|Any CPU.ActiveCfg = Debug|Any CPU
		{D2B51424-7D62-42D4-A39B-D1F96B9E17DA}.Debug|Any CPU.Build.0 = Debug|Any CPU
		{D2B51424-7D62-42D4-A39B-D1F96B9E17DA}.Release|Any CPU.ActiveCfg = Release|Any CPU
		{D2B51424-7D62-42D4-A39B-D1F96B9E17DA}.Release|Any CPU.Build.0 = Release|Any CPU
		{D358CA87-E9B2-43E1-A231-FAB5F6B5ADF7}.Debug|Any CPU.ActiveCfg = Debug|Any CPU
		{D358CA87-E9B2-43E1-A231-FAB5F6B5ADF7}.Debug|Any CPU.Build.0 = Debug|Any CPU
		{D358CA87-E9B2-43E1-A231-FAB5F6B5ADF7}.Release|Any CPU.ActiveCfg = Release|Any CPU
		{D358CA87-E9B2-43E1-A231-FAB5F6B5ADF7}.Release|Any CPU.Build.0 = Release|Any CPU
		{BB688014-4391-4B97-9EE9-0A43E34D6AAA}.Debug|Any CPU.ActiveCfg = Debug|Any CPU
		{BB688014-4391-4B97-9EE9-0A43E34D6AAA}.Debug|Any CPU.Build.0 = Debug|Any CPU
		{BB688014-4391-4B97-9EE9-0A43E34D6AAA}.Release|Any CPU.ActiveCfg = Release|Any CPU
		{BB688014-4391-4B97-9EE9-0A43E34D6AAA}.Release|Any CPU.Build.0 = Release|Any CPU
		{CD4EB440-A891-454A-A0C0-51C2F71F35C1}.Debug|Any CPU.ActiveCfg = Debug|Any CPU
		{CD4EB440-A891-454A-A0C0-51C2F71F35C1}.Debug|Any CPU.Build.0 = Debug|Any CPU
		{CD4EB440-A891-454A-A0C0-51C2F71F35C1}.Release|Any CPU.ActiveCfg = Release|Any CPU
		{CD4EB440-A891-454A-A0C0-51C2F71F35C1}.Release|Any CPU.Build.0 = Release|Any CPU
		{8B27F217-6609-435D-88FC-BC186225DFEF}.Debug|Any CPU.ActiveCfg = Debug|Any CPU
		{8B27F217-6609-435D-88FC-BC186225DFEF}.Debug|Any CPU.Build.0 = Debug|Any CPU
		{8B27F217-6609-435D-88FC-BC186225DFEF}.Release|Any CPU.ActiveCfg = Release|Any CPU
		{8B27F217-6609-435D-88FC-BC186225DFEF}.Release|Any CPU.Build.0 = Release|Any CPU
		{1DC91AB0-7804-4503-8B02-D29592004D5D}.Debug|Any CPU.ActiveCfg = Debug|Any CPU
		{1DC91AB0-7804-4503-8B02-D29592004D5D}.Debug|Any CPU.Build.0 = Debug|Any CPU
		{1DC91AB0-7804-4503-8B02-D29592004D5D}.Release|Any CPU.ActiveCfg = Release|Any CPU
		{1DC91AB0-7804-4503-8B02-D29592004D5D}.Release|Any CPU.Build.0 = Release|Any CPU
		{448B197C-6044-4A3A-BD3E-FEF3D17DD4CE}.Debug|Any CPU.ActiveCfg = Debug|Any CPU
		{448B197C-6044-4A3A-BD3E-FEF3D17DD4CE}.Debug|Any CPU.Build.0 = Debug|Any CPU
		{448B197C-6044-4A3A-BD3E-FEF3D17DD4CE}.Release|Any CPU.ActiveCfg = Release|Any CPU
		{448B197C-6044-4A3A-BD3E-FEF3D17DD4CE}.Release|Any CPU.Build.0 = Release|Any CPU
		{D71E5F83-A580-45FA-95B1-8E9B79267F3E}.Debug|Any CPU.ActiveCfg = Debug|Any CPU
		{D71E5F83-A580-45FA-95B1-8E9B79267F3E}.Debug|Any CPU.Build.0 = Debug|Any CPU
		{D71E5F83-A580-45FA-95B1-8E9B79267F3E}.Release|Any CPU.ActiveCfg = Release|Any CPU
		{D71E5F83-A580-45FA-95B1-8E9B79267F3E}.Release|Any CPU.Build.0 = Release|Any CPU
		{1A4A8292-6DF4-4D2A-B06B-E603A984DBCA}.Debug|Any CPU.ActiveCfg = Debug|Any CPU
		{1A4A8292-6DF4-4D2A-B06B-E603A984DBCA}.Debug|Any CPU.Build.0 = Debug|Any CPU
		{1A4A8292-6DF4-4D2A-B06B-E603A984DBCA}.Release|Any CPU.ActiveCfg = Release|Any CPU
		{1A4A8292-6DF4-4D2A-B06B-E603A984DBCA}.Release|Any CPU.Build.0 = Release|Any CPU
		{079F7D4D-E188-427D-A184-8BDBFB2FE0DA}.Debug|Any CPU.ActiveCfg = Debug|Any CPU
		{079F7D4D-E188-427D-A184-8BDBFB2FE0DA}.Debug|Any CPU.Build.0 = Debug|Any CPU
		{079F7D4D-E188-427D-A184-8BDBFB2FE0DA}.Release|Any CPU.ActiveCfg = Debug|Any CPU
		{079F7D4D-E188-427D-A184-8BDBFB2FE0DA}.Release|Any CPU.Build.0 = Debug|Any CPU
	EndGlobalSection
	GlobalSection(SolutionProperties) = preSolution
		HideSolutionNode = FALSE
	EndGlobalSection
	GlobalSection(ExtensibilityGlobals) = postSolution
		SolutionGuid = {AE9EE2F9-AA87-4723-A304-0BB18F2F3DD3}
	EndGlobalSection
EndGlobal
